
Microsoft Visual Studio Solution File, Format Version 12.00
# Visual Studio Version 16
VisualStudioVersion = 16.0.30711.63
MinimumVisualStudioVersion = 10.0.40219.1
Project("{FAE04EC0-301F-11D3-BF4B-00C04F79EFBC}") = "gissa-tal-windows-forms", "gissa-tal-windows-forms\gissa-tal-windows-forms.csproj", "{56617BA7-DEFE-4AAC-9773-56A3FE66FDFD}"
EndProject
Global
	GlobalSection(SolutionConfigurationPlatforms) = preSolution
		Debug|Any CPU = Debug|Any CPU
		Release|Any CPU = Release|Any CPU
	EndGlobalSection
	GlobalSection(ProjectConfigurationPlatforms) = postSolution
		{56617BA7-DEFE-4AAC-9773-56A3FE66FDFD}.Debug|Any CPU.ActiveCfg = Debug|Any CPU
		{56617BA7-DEFE-4AAC-9773-56A3FE66FDFD}.Debug|Any CPU.Build.0 = Debug|Any CPU
		{56617BA7-DEFE-4AAC-9773-56A3FE66FDFD}.Release|Any CPU.ActiveCfg = Release|Any CPU
		{56617BA7-DEFE-4AAC-9773-56A3FE66FDFD}.Release|Any CPU.Build.0 = Release|Any CPU
	EndGlobalSection
	GlobalSection(SolutionProperties) = preSolution
		HideSolutionNode = FALSE
	EndGlobalSection
	GlobalSection(ExtensibilityGlobals) = postSolution
		SolutionGuid = {49FB002D-7289-4124-B41A-959084415709}
	EndGlobalSection
EndGlobal
